
Microsoft Visual Studio Solution File, Format Version 12.00
Project("{FAE04EC0-301F-11D3-BF4B-00C04F79EFBC}") = "MongoContext", "MongoContext\MongoContext.csproj", "{6B8A48D8-D76B-445F-8CEF-497C53FDB8F7}"
EndProject
Project("{FAE04EC0-301F-11D3-BF4B-00C04F79EFBC}") = "MongoContext.DependencyInjection", "MongoContext.DependencyInjection\MongoContext.DependencyInjection.csproj", "{44A42276-3581-42A3-95BE-CB2787EBBDF6}"
EndProject
Global
	GlobalSection(SolutionConfigurationPlatforms) = preSolution
		Debug|Any CPU = Debug|Any CPU
		Release|Any CPU = Release|Any CPU
	EndGlobalSection
	GlobalSection(ProjectConfigurationPlatforms) = postSolution
		{6B8A48D8-D76B-445F-8CEF-497C53FDB8F7}.Debug|Any CPU.ActiveCfg = Debug|Any CPU
		{6B8A48D8-D76B-445F-8CEF-497C53FDB8F7}.Debug|Any CPU.Build.0 = Debug|Any CPU
		{6B8A48D8-D76B-445F-8CEF-497C53FDB8F7}.Release|Any CPU.ActiveCfg = Release|Any CPU
		{6B8A48D8-D76B-445F-8CEF-497C53FDB8F7}.Release|Any CPU.Build.0 = Release|Any CPU
		{44A42276-3581-42A3-95BE-CB2787EBBDF6}.Debug|Any CPU.ActiveCfg = Debug|Any CPU
		{44A42276-3581-42A3-95BE-CB2787EBBDF6}.Debug|Any CPU.Build.0 = Debug|Any CPU
		{44A42276-3581-42A3-95BE-CB2787EBBDF6}.Release|Any CPU.ActiveCfg = Release|Any CPU
		{44A42276-3581-42A3-95BE-CB2787EBBDF6}.Release|Any CPU.Build.0 = Release|Any CPU
	EndGlobalSection
EndGlobal
